// !$*UTF8*$!
{
	archiveVersion = 1;
	classes = {
	};
	objectVersion = 56;
	objects = {

/* Begin PBXBuildFile section */
		B812121F2A7C8E7E00A5BB1F /* ActionSheetBasic.swift in Sources */ = {isa = PBXBuildFile; fileRef = B812121E2A7C8E7E00A5BB1F /* ActionSheetBasic.swift */; };
		B81212212A7C951000A5BB1F /* TextFieldBasic.swift in Sources */ = {isa = PBXBuildFile; fileRef = B81212202A7C951000A5BB1F /* TextFieldBasic.swift */; };
		B82756342A6A1B9C001A70AF /* ForEachBasic.swift in Sources */ = {isa = PBXBuildFile; fileRef = B82756332A6A1B9C001A70AF /* ForEachBasic.swift */; };
		B82756362A6A62DE001A70AF /* LazyGridBasic.swift in Sources */ = {isa = PBXBuildFile; fileRef = B82756352A6A62DE001A70AF /* LazyGridBasic.swift */; };
		B827564D2A735AA5001A70AF /* TernaryBasic.swift in Sources */ = {isa = PBXBuildFile; fileRef = B827564C2A735AA5001A70AF /* TernaryBasic.swift */; };
		B827564F2A735D0E001A70AF /* AnimationBasic.swift in Sources */ = {isa = PBXBuildFile; fileRef = B827564E2A735D0E001A70AF /* AnimationBasic.swift */; };
		B82756512A767E33001A70AF /* TransitionBasic.swift in Sources */ = {isa = PBXBuildFile; fileRef = B82756502A767E33001A70AF /* TransitionBasic.swift */; };
		B82756532A795061001A70AF /* SheetBasic.swift in Sources */ = {isa = PBXBuildFile; fileRef = B82756522A795061001A70AF /* SheetBasic.swift */; };
		B82756552A795079001A70AF /* SheetBasic2.swift in Sources */ = {isa = PBXBuildFile; fileRef = B82756542A795079001A70AF /* SheetBasic2.swift */; };
		B82756572A795367001A70AF /* NavigationBasic.swift in Sources */ = {isa = PBXBuildFile; fileRef = B82756562A795367001A70AF /* NavigationBasic.swift */; };
		B827565B2A795470001A70AF /* SecondNavigationVIew.swift in Sources */ = {isa = PBXBuildFile; fileRef = B827565A2A795470001A70AF /* SecondNavigationVIew.swift */; };
		B827565D2A79E966001A70AF /* ListBasic.swift in Sources */ = {isa = PBXBuildFile; fileRef = B827565C2A79E966001A70AF /* ListBasic.swift */; };
		B827565F2A7B39D7001A70AF /* AlertBasic.swift in Sources */ = {isa = PBXBuildFile; fileRef = B827565E2A7B39D7001A70AF /* AlertBasic.swift */; };
		B82756612A7B4067001A70AF /* ContextMenuBasic.swift in Sources */ = {isa = PBXBuildFile; fileRef = B82756602A7B4067001A70AF /* ContextMenuBasic.swift */; };
		B845D8612A8110E500DDD5C8 /* ToggleBasic.swift in Sources */ = {isa = PBXBuildFile; fileRef = B845D8602A8110E400DDD5C8 /* ToggleBasic.swift */; };
		B845D8632A8111ED00DDD5C8 /* PickerBasic.swift in Sources */ = {isa = PBXBuildFile; fileRef = B845D8622A8111ED00DDD5C8 /* PickerBasic.swift */; };
		B845D8652A81156A00DDD5C8 /* ColorPickerBasic.swift in Sources */ = {isa = PBXBuildFile; fileRef = B845D8642A81156A00DDD5C8 /* ColorPickerBasic.swift */; };
		B87769482A4D20AF006188CA /* Learn_SwiftUIApp.swift in Sources */ = {isa = PBXBuildFile; fileRef = B87769472A4D20AF006188CA /* Learn_SwiftUIApp.swift */; };
		B877694A2A4D20AF006188CA /* ContentView.swift in Sources */ = {isa = PBXBuildFile; fileRef = B87769492A4D20AF006188CA /* ContentView.swift */; };
		B877694C2A4D20B0006188CA /* Assets.xcassets in Resources */ = {isa = PBXBuildFile; fileRef = B877694B2A4D20B0006188CA /* Assets.xcassets */; };
		B877694F2A4D20B0006188CA /* Preview Assets.xcassets in Resources */ = {isa = PBXBuildFile; fileRef = B877694E2A4D20B0006188CA /* Preview Assets.xcassets */; };
		B87769562A4D20C0006188CA /* TextBasic.swift in Sources */ = {isa = PBXBuildFile; fileRef = B87769552A4D20C0006188CA /* TextBasic.swift */; };
		B87769582A4D3DE1006188CA /* ShapeBasic.swift in Sources */ = {isa = PBXBuildFile; fileRef = B87769572A4D3DE1006188CA /* ShapeBasic.swift */; };
		B877695A2A4E9443006188CA /* ColorBasic.swift in Sources */ = {isa = PBXBuildFile; fileRef = B87769592A4E9443006188CA /* ColorBasic.swift */; };
		B877695C2A53D3BB006188CA /* GradientBasic.swift in Sources */ = {isa = PBXBuildFile; fileRef = B877695B2A53D3BB006188CA /* GradientBasic.swift */; };
		B877695E2A5520D1006188CA /* IconBasic.swift in Sources */ = {isa = PBXBuildFile; fileRef = B877695D2A5520D1006188CA /* IconBasic.swift */; };
		B87769602A5BEAC2006188CA /* ImageBasic.swift in Sources */ = {isa = PBXBuildFile; fileRef = B877695F2A5BEAC2006188CA /* ImageBasic.swift */; };
		B87769622A5BED37006188CA /* FrameBasic.swift in Sources */ = {isa = PBXBuildFile; fileRef = B87769612A5BED37006188CA /* FrameBasic.swift */; };
		B87769642A5BF0D9006188CA /* backgroundBasic.swift in Sources */ = {isa = PBXBuildFile; fileRef = B87769632A5BF0D9006188CA /* backgroundBasic.swift */; };
		B87769662A5CDFDC006188CA /* StackBasic.swift in Sources */ = {isa = PBXBuildFile; fileRef = B87769652A5CDFDC006188CA /* StackBasic.swift */; };
		B87769682A5E3ECD006188CA /* PaddingBasic.swift in Sources */ = {isa = PBXBuildFile; fileRef = B87769672A5E3ECD006188CA /* PaddingBasic.swift */; };
		B877696A2A5F93AF006188CA /* SpacerBasic.swift in Sources */ = {isa = PBXBuildFile; fileRef = B87769692A5F93AF006188CA /* SpacerBasic.swift */; };
		B877696C2A68CF4E006188CA /* ScrollViewBasic.swift in Sources */ = {isa = PBXBuildFile; fileRef = B877696B2A68CF4E006188CA /* ScrollViewBasic.swift */; };
		B877696E2A68D28E006188CA /* initEnumBasic.swift in Sources */ = {isa = PBXBuildFile; fileRef = B877696D2A68D28E006188CA /* initEnumBasic.swift */; };
/* End PBXBuildFile section */

/* Begin PBXFileReference section */
		B812121E2A7C8E7E00A5BB1F /* ActionSheetBasic.swift */ = {isa = PBXFileReference; lastKnownFileType = sourcecode.swift; path = ActionSheetBasic.swift; sourceTree = "<group>"; };
		B81212202A7C951000A5BB1F /* TextFieldBasic.swift */ = {isa = PBXFileReference; lastKnownFileType = sourcecode.swift; path = TextFieldBasic.swift; sourceTree = "<group>"; };
		B82756332A6A1B9C001A70AF /* ForEachBasic.swift */ = {isa = PBXFileReference; lastKnownFileType = sourcecode.swift; path = ForEachBasic.swift; sourceTree = "<group>"; };
		B82756352A6A62DE001A70AF /* LazyGridBasic.swift */ = {isa = PBXFileReference; lastKnownFileType = sourcecode.swift; path = LazyGridBasic.swift; sourceTree = "<group>"; };
		B827564C2A735AA5001A70AF /* TernaryBasic.swift */ = {isa = PBXFileReference; lastKnownFileType = sourcecode.swift; path = TernaryBasic.swift; sourceTree = "<group>"; };
		B827564E2A735D0E001A70AF /* AnimationBasic.swift */ = {isa = PBXFileReference; lastKnownFileType = sourcecode.swift; path = AnimationBasic.swift; sourceTree = "<group>"; };
		B82756502A767E33001A70AF /* TransitionBasic.swift */ = {isa = PBXFileReference; lastKnownFileType = sourcecode.swift; path = TransitionBasic.swift; sourceTree = "<group>"; };
		B82756522A795061001A70AF /* SheetBasic.swift */ = {isa = PBXFileReference; lastKnownFileType = sourcecode.swift; path = SheetBasic.swift; sourceTree = "<group>"; };
		B82756542A795079001A70AF /* SheetBasic2.swift */ = {isa = PBXFileReference; lastKnownFileType = sourcecode.swift; path = SheetBasic2.swift; sourceTree = "<group>"; };
		B82756562A795367001A70AF /* NavigationBasic.swift */ = {isa = PBXFileReference; lastKnownFileType = sourcecode.swift; path = NavigationBasic.swift; sourceTree = "<group>"; };
		B827565A2A795470001A70AF /* SecondNavigationVIew.swift */ = {isa = PBXFileReference; lastKnownFileType = sourcecode.swift; path = SecondNavigationVIew.swift; sourceTree = "<group>"; };
		B827565C2A79E966001A70AF /* ListBasic.swift */ = {isa = PBXFileReference; lastKnownFileType = sourcecode.swift; path = ListBasic.swift; sourceTree = "<group>"; };
		B827565E2A7B39D7001A70AF /* AlertBasic.swift */ = {isa = PBXFileReference; lastKnownFileType = sourcecode.swift; path = AlertBasic.swift; sourceTree = "<group>"; };
		B82756602A7B4067001A70AF /* ContextMenuBasic.swift */ = {isa = PBXFileReference; lastKnownFileType = sourcecode.swift; path = ContextMenuBasic.swift; sourceTree = "<group>"; };
		B845D8602A8110E400DDD5C8 /* ToggleBasic.swift */ = {isa = PBXFileReference; lastKnownFileType = sourcecode.swift; path = ToggleBasic.swift; sourceTree = "<group>"; };
		B845D8622A8111ED00DDD5C8 /* PickerBasic.swift */ = {isa = PBXFileReference; lastKnownFileType = sourcecode.swift; path = PickerBasic.swift; sourceTree = "<group>"; };
		B845D8642A81156A00DDD5C8 /* ColorPickerBasic.swift */ = {isa = PBXFileReference; lastKnownFileType = sourcecode.swift; path = ColorPickerBasic.swift; sourceTree = "<group>"; };
		B87769442A4D20AF006188CA /* Learn_SwiftUI.app */ = {isa = PBXFileReference; explicitFileType = wrapper.application; includeInIndex = 0; path = Learn_SwiftUI.app; sourceTree = BUILT_PRODUCTS_DIR; };
		B87769472A4D20AF006188CA /* Learn_SwiftUIApp.swift */ = {isa = PBXFileReference; lastKnownFileType = sourcecode.swift; path = Learn_SwiftUIApp.swift; sourceTree = "<group>"; };
		B87769492A4D20AF006188CA /* ContentView.swift */ = {isa = PBXFileReference; lastKnownFileType = sourcecode.swift; path = ContentView.swift; sourceTree = "<group>"; };
		B877694B2A4D20B0006188CA /* Assets.xcassets */ = {isa = PBXFileReference; lastKnownFileType = folder.assetcatalog; path = Assets.xcassets; sourceTree = "<group>"; };
		B877694E2A4D20B0006188CA /* Preview Assets.xcassets */ = {isa = PBXFileReference; lastKnownFileType = folder.assetcatalog; path = "Preview Assets.xcassets"; sourceTree = "<group>"; };
		B87769552A4D20C0006188CA /* TextBasic.swift */ = {isa = PBXFileReference; lastKnownFileType = sourcecode.swift; path = TextBasic.swift; sourceTree = "<group>"; };
		B87769572A4D3DE1006188CA /* ShapeBasic.swift */ = {isa = PBXFileReference; lastKnownFileType = sourcecode.swift; path = ShapeBasic.swift; sourceTree = "<group>"; };
		B87769592A4E9443006188CA /* ColorBasic.swift */ = {isa = PBXFileReference; lastKnownFileType = sourcecode.swift; path = ColorBasic.swift; sourceTree = "<group>"; };
		B877695B2A53D3BB006188CA /* GradientBasic.swift */ = {isa = PBXFileReference; lastKnownFileType = sourcecode.swift; path = GradientBasic.swift; sourceTree = "<group>"; };
		B877695D2A5520D1006188CA /* IconBasic.swift */ = {isa = PBXFileReference; lastKnownFileType = sourcecode.swift; path = IconBasic.swift; sourceTree = "<group>"; };
		B877695F2A5BEAC2006188CA /* ImageBasic.swift */ = {isa = PBXFileReference; lastKnownFileType = sourcecode.swift; path = ImageBasic.swift; sourceTree = "<group>"; };
		B87769612A5BED37006188CA /* FrameBasic.swift */ = {isa = PBXFileReference; lastKnownFileType = sourcecode.swift; path = FrameBasic.swift; sourceTree = "<group>"; };
		B87769632A5BF0D9006188CA /* backgroundBasic.swift */ = {isa = PBXFileReference; lastKnownFileType = sourcecode.swift; path = backgroundBasic.swift; sourceTree = "<group>"; };
		B87769652A5CDFDC006188CA /* StackBasic.swift */ = {isa = PBXFileReference; lastKnownFileType = sourcecode.swift; path = StackBasic.swift; sourceTree = "<group>"; };
		B87769672A5E3ECD006188CA /* PaddingBasic.swift */ = {isa = PBXFileReference; lastKnownFileType = sourcecode.swift; path = PaddingBasic.swift; sourceTree = "<group>"; };
		B87769692A5F93AF006188CA /* SpacerBasic.swift */ = {isa = PBXFileReference; lastKnownFileType = sourcecode.swift; path = SpacerBasic.swift; sourceTree = "<group>"; };
		B877696B2A68CF4E006188CA /* ScrollViewBasic.swift */ = {isa = PBXFileReference; lastKnownFileType = sourcecode.swift; path = ScrollViewBasic.swift; sourceTree = "<group>"; };
		B877696D2A68D28E006188CA /* initEnumBasic.swift */ = {isa = PBXFileReference; lastKnownFileType = sourcecode.swift; path = initEnumBasic.swift; sourceTree = "<group>"; };
/* End PBXFileReference section */

/* Begin PBXFrameworksBuildPhase section */
		B87769412A4D20AF006188CA /* Frameworks */ = {
			isa = PBXFrameworksBuildPhase;
			buildActionMask = 2147483647;
			files = (
			);
			runOnlyForDeploymentPostprocessing = 0;
		};
/* End PBXFrameworksBuildPhase section */

/* Begin PBXGroup section */
		B877693B2A4D20AF006188CA = {
			isa = PBXGroup;
			children = (
				B87769462A4D20AF006188CA /* Learn_SwiftUI */,
				B87769452A4D20AF006188CA /* Products */,
			);
			sourceTree = "<group>";
		};
		B87769452A4D20AF006188CA /* Products */ = {
			isa = PBXGroup;
			children = (
				B87769442A4D20AF006188CA /* Learn_SwiftUI.app */,
			);
			name = Products;
			sourceTree = "<group>";
		};
		B87769462A4D20AF006188CA /* Learn_SwiftUI */ = {
			isa = PBXGroup;
			children = (
				B87769472A4D20AF006188CA /* Learn_SwiftUIApp.swift */,
				B82756332A6A1B9C001A70AF /* ForEachBasic.swift */,
				B82756352A6A62DE001A70AF /* LazyGridBasic.swift */,
				B845D8602A8110E400DDD5C8 /* ToggleBasic.swift */,
				B845D8622A8111ED00DDD5C8 /* PickerBasic.swift */,
				B845D8642A81156A00DDD5C8 /* ColorPickerBasic.swift */,
				B877695F2A5BEAC2006188CA /* ImageBasic.swift */,
				B87769612A5BED37006188CA /* FrameBasic.swift */,
				B827564C2A735AA5001A70AF /* TernaryBasic.swift */,
				B827564E2A735D0E001A70AF /* AnimationBasic.swift */,
				B82756502A767E33001A70AF /* TransitionBasic.swift */,
				B82756522A795061001A70AF /* SheetBasic.swift */,
				B82756562A795367001A70AF /* NavigationBasic.swift */,
				B827565A2A795470001A70AF /* SecondNavigationVIew.swift */,
				B827565C2A79E966001A70AF /* ListBasic.swift */,
				B812121E2A7C8E7E00A5BB1F /* ActionSheetBasic.swift */,
				B81212202A7C951000A5BB1F /* TextFieldBasic.swift */,
				B827565E2A7B39D7001A70AF /* AlertBasic.swift */,
				B82756602A7B4067001A70AF /* ContextMenuBasic.swift */,
				B82756542A795079001A70AF /* SheetBasic2.swift */,
				B87769632A5BF0D9006188CA /* backgroundBasic.swift */,
				B87769672A5E3ECD006188CA /* PaddingBasic.swift */,
				B87769692A5F93AF006188CA /* SpacerBasic.swift */,
				B877696B2A68CF4E006188CA /* ScrollViewBasic.swift */,
				B877696D2A68D28E006188CA /* initEnumBasic.swift */,
				B87769652A5CDFDC006188CA /* StackBasic.swift */,
				B877695D2A5520D1006188CA /* IconBasic.swift */,
				B87769552A4D20C0006188CA /* TextBasic.swift */,
				B87769572A4D3DE1006188CA /* ShapeBasic.swift */,
				B87769592A4E9443006188CA /* ColorBasic.swift */,
				B877695B2A53D3BB006188CA /* GradientBasic.swift */,
				B87769492A4D20AF006188CA /* ContentView.swift */,
				B877694B2A4D20B0006188CA /* Assets.xcassets */,
				B877694D2A4D20B0006188CA /* Preview Content */,
			);
			path = Learn_SwiftUI;
			sourceTree = "<group>";
		};
		B877694D2A4D20B0006188CA /* Preview Content */ = {
			isa = PBXGroup;
			children = (
				B877694E2A4D20B0006188CA /* Preview Assets.xcassets */,
			);
			path = "Preview Content";
			sourceTree = "<group>";
		};
/* End PBXGroup section */

/* Begin PBXNativeTarget section */
		B87769432A4D20AF006188CA /* Learn_SwiftUI */ = {
			isa = PBXNativeTarget;
			buildConfigurationList = B87769522A4D20B0006188CA /* Build configuration list for PBXNativeTarget "Learn_SwiftUI" */;
			buildPhases = (
				B87769402A4D20AF006188CA /* Sources */,
				B87769412A4D20AF006188CA /* Frameworks */,
				B87769422A4D20AF006188CA /* Resources */,
			);
			buildRules = (
			);
			dependencies = (
			);
			name = Learn_SwiftUI;
			productName = Learn_SwiftUI;
			productReference = B87769442A4D20AF006188CA /* Learn_SwiftUI.app */;
			productType = "com.apple.product-type.application";
		};
/* End PBXNativeTarget section */

/* Begin PBXProject section */
		B877693C2A4D20AF006188CA /* Project object */ = {
			isa = PBXProject;
			attributes = {
				BuildIndependentTargetsInParallel = 1;
				LastSwiftUpdateCheck = 1430;
				LastUpgradeCheck = 1430;
				TargetAttributes = {
					B87769432A4D20AF006188CA = {
						CreatedOnToolsVersion = 14.3.1;
					};
				};
			};
			buildConfigurationList = B877693F2A4D20AF006188CA /* Build configuration list for PBXProject "Learn_SwiftUI" */;
			compatibilityVersion = "Xcode 14.0";
			developmentRegion = en;
			hasScannedForEncodings = 0;
			knownRegions = (
				en,
				Base,
			);
			mainGroup = B877693B2A4D20AF006188CA;
			productRefGroup = B87769452A4D20AF006188CA /* Products */;
			projectDirPath = "";
			projectRoot = "";
			targets = (
				B87769432A4D20AF006188CA /* Learn_SwiftUI */,
			);
		};
/* End PBXProject section */

/* Begin PBXResourcesBuildPhase section */
		B87769422A4D20AF006188CA /* Resources */ = {
			isa = PBXResourcesBuildPhase;
			buildActionMask = 2147483647;
			files = (
				B877694F2A4D20B0006188CA /* Preview Assets.xcassets in Resources */,
				B877694C2A4D20B0006188CA /* Assets.xcassets in Resources */,
			);
			runOnlyForDeploymentPostprocessing = 0;
		};
/* End PBXResourcesBuildPhase section */

/* Begin PBXSourcesBuildPhase section */
		B87769402A4D20AF006188CA /* Sources */ = {
			isa = PBXSourcesBuildPhase;
			buildActionMask = 2147483647;
			files = (
				B87769602A5BEAC2006188CA /* ImageBasic.swift in Sources */,
				B845D8632A8111ED00DDD5C8 /* PickerBasic.swift in Sources */,
				B82756552A795079001A70AF /* SheetBasic2.swift in Sources */,
				B877695C2A53D3BB006188CA /* GradientBasic.swift in Sources */,
				B82756612A7B4067001A70AF /* ContextMenuBasic.swift in Sources */,
				B87769642A5BF0D9006188CA /* backgroundBasic.swift in Sources */,
				B82756362A6A62DE001A70AF /* LazyGridBasic.swift in Sources */,
				B877695E2A5520D1006188CA /* IconBasic.swift in Sources */,
				B82756512A767E33001A70AF /* TransitionBasic.swift in Sources */,
				B82756532A795061001A70AF /* SheetBasic.swift in Sources */,
				B87769562A4D20C0006188CA /* TextBasic.swift in Sources */,
				B827564D2A735AA5001A70AF /* TernaryBasic.swift in Sources */,
				B877694A2A4D20AF006188CA /* ContentView.swift in Sources */,
				B845D8612A8110E500DDD5C8 /* ToggleBasic.swift in Sources */,
				B82756572A795367001A70AF /* NavigationBasic.swift in Sources */,
				B87769582A4D3DE1006188CA /* ShapeBasic.swift in Sources */,
				B845D8652A81156A00DDD5C8 /* ColorPickerBasic.swift in Sources */,
				B812121F2A7C8E7E00A5BB1F /* ActionSheetBasic.swift in Sources */,
				B82756342A6A1B9C001A70AF /* ForEachBasic.swift in Sources */,
				B827564F2A735D0E001A70AF /* AnimationBasic.swift in Sources */,
				B877695A2A4E9443006188CA /* ColorBasic.swift in Sources */,
				B87769482A4D20AF006188CA /* Learn_SwiftUIApp.swift in Sources */,
				B877696A2A5F93AF006188CA /* SpacerBasic.swift in Sources */,
				B877696C2A68CF4E006188CA /* ScrollViewBasic.swift in Sources */,
				B877696E2A68D28E006188CA /* initEnumBasic.swift in Sources */,
				B827565B2A795470001A70AF /* SecondNavigationVIew.swift in Sources */,
				B87769622A5BED37006188CA /* FrameBasic.swift in Sources */,
				B827565D2A79E966001A70AF /* ListBasic.swift in Sources */,
				B87769682A5E3ECD006188CA /* PaddingBasic.swift in Sources */,
				B81212212A7C951000A5BB1F /* TextFieldBasic.swift in Sources */,
				B87769662A5CDFDC006188CA /* StackBasic.swift in Sources */,
				B827565F2A7B39D7001A70AF /* AlertBasic.swift in Sources */,
			);
			runOnlyForDeploymentPostprocessing = 0;
		};
/* End PBXSourcesBuildPhase section */

/* Begin XCBuildConfiguration section */
		B87769502A4D20B0006188CA /* Debug */ = {
			isa = XCBuildConfiguration;
			buildSettings = {
				ALWAYS_SEARCH_USER_PATHS = NO;
				CLANG_ANALYZER_NONNULL = YES;
				CLANG_ANALYZER_NUMBER_OBJECT_CONVERSION = YES_AGGRESSIVE;
				CLANG_CXX_LANGUAGE_STANDARD = "gnu++20";
				CLANG_ENABLE_MODULES = YES;
				CLANG_ENABLE_OBJC_ARC = YES;
				CLANG_ENABLE_OBJC_WEAK = YES;
				CLANG_WARN_BLOCK_CAPTURE_AUTORELEASING = YES;
				CLANG_WARN_BOOL_CONVERSION = YES;
				CLANG_WARN_COMMA = YES;
				CLANG_WARN_CONSTANT_CONVERSION = YES;
				CLANG_WARN_DEPRECATED_OBJC_IMPLEMENTATIONS = YES;
				CLANG_WARN_DIRECT_OBJC_ISA_USAGE = YES_ERROR;
				CLANG_WARN_DOCUMENTATION_COMMENTS = YES;
				CLANG_WARN_EMPTY_BODY = YES;
				CLANG_WARN_ENUM_CONVERSION = YES;
				CLANG_WARN_INFINITE_RECURSION = YES;
				CLANG_WARN_INT_CONVERSION = YES;
				CLANG_WARN_NON_LITERAL_NULL_CONVERSION = YES;
				CLANG_WARN_OBJC_IMPLICIT_RETAIN_SELF = YES;
				CLANG_WARN_OBJC_LITERAL_CONVERSION = YES;
				CLANG_WARN_OBJC_ROOT_CLASS = YES_ERROR;
				CLANG_WARN_QUOTED_INCLUDE_IN_FRAMEWORK_HEADER = YES;
				CLANG_WARN_RANGE_LOOP_ANALYSIS = YES;
				CLANG_WARN_STRICT_PROTOTYPES = YES;
				CLANG_WARN_SUSPICIOUS_MOVE = YES;
				CLANG_WARN_UNGUARDED_AVAILABILITY = YES_AGGRESSIVE;
				CLANG_WARN_UNREACHABLE_CODE = YES;
				CLANG_WARN__DUPLICATE_METHOD_MATCH = YES;
				COPY_PHASE_STRIP = NO;
				DEBUG_INFORMATION_FORMAT = dwarf;
				ENABLE_STRICT_OBJC_MSGSEND = YES;
				ENABLE_TESTABILITY = YES;
				GCC_C_LANGUAGE_STANDARD = gnu11;
				GCC_DYNAMIC_NO_PIC = NO;
				GCC_NO_COMMON_BLOCKS = YES;
				GCC_OPTIMIZATION_LEVEL = 0;
				GCC_PREPROCESSOR_DEFINITIONS = (
					"DEBUG=1",
					"$(inherited)",
				);
				GCC_WARN_64_TO_32_BIT_CONVERSION = YES;
				GCC_WARN_ABOUT_RETURN_TYPE = YES_ERROR;
				GCC_WARN_UNDECLARED_SELECTOR = YES;
				GCC_WARN_UNINITIALIZED_AUTOS = YES_AGGRESSIVE;
				GCC_WARN_UNUSED_FUNCTION = YES;
				GCC_WARN_UNUSED_VARIABLE = YES;
				IPHONEOS_DEPLOYMENT_TARGET = 16.4;
				MTL_ENABLE_DEBUG_INFO = INCLUDE_SOURCE;
				MTL_FAST_MATH = YES;
				ONLY_ACTIVE_ARCH = YES;
				SDKROOT = iphoneos;
				SWIFT_ACTIVE_COMPILATION_CONDITIONS = DEBUG;
				SWIFT_OPTIMIZATION_LEVEL = "-Onone";
			};
			name = Debug;
		};
		B87769512A4D20B0006188CA /* Release */ = {
			isa = XCBuildConfiguration;
			buildSettings = {
				ALWAYS_SEARCH_USER_PATHS = NO;
				CLANG_ANALYZER_NONNULL = YES;
				CLANG_ANALYZER_NUMBER_OBJECT_CONVERSION = YES_AGGRESSIVE;
				CLANG_CXX_LANGUAGE_STANDARD = "gnu++20";
				CLANG_ENABLE_MODULES = YES;
				CLANG_ENABLE_OBJC_ARC = YES;
				CLANG_ENABLE_OBJC_WEAK = YES;
				CLANG_WARN_BLOCK_CAPTURE_AUTORELEASING = YES;
				CLANG_WARN_BOOL_CONVERSION = YES;
				CLANG_WARN_COMMA = YES;
				CLANG_WARN_CONSTANT_CONVERSION = YES;
				CLANG_WARN_DEPRECATED_OBJC_IMPLEMENTATIONS = YES;
				CLANG_WARN_DIRECT_OBJC_ISA_USAGE = YES_ERROR;
				CLANG_WARN_DOCUMENTATION_COMMENTS = YES;
				CLANG_WARN_EMPTY_BODY = YES;
				CLANG_WARN_ENUM_CONVERSION = YES;
				CLANG_WARN_INFINITE_RECURSION = YES;
				CLANG_WARN_INT_CONVERSION = YES;
				CLANG_WARN_NON_LITERAL_NULL_CONVERSION = YES;
				CLANG_WARN_OBJC_IMPLICIT_RETAIN_SELF = YES;
				CLANG_WARN_OBJC_LITERAL_CONVERSION = YES;
				CLANG_WARN_OBJC_ROOT_CLASS = YES_ERROR;
				CLANG_WARN_QUOTED_INCLUDE_IN_FRAMEWORK_HEADER = YES;
				CLANG_WARN_RANGE_LOOP_ANALYSIS = YES;
				CLANG_WARN_STRICT_PROTOTYPES = YES;
				CLANG_WARN_SUSPICIOUS_MOVE = YES;
				CLANG_WARN_UNGUARDED_AVAILABILITY = YES_AGGRESSIVE;
				CLANG_WARN_UNREACHABLE_CODE = YES;
				CLANG_WARN__DUPLICATE_METHOD_MATCH = YES;
				COPY_PHASE_STRIP = NO;
				DEBUG_INFORMATION_FORMAT = "dwarf-with-dsym";
				ENABLE_NS_ASSERTIONS = NO;
				ENABLE_STRICT_OBJC_MSGSEND = YES;
				GCC_C_LANGUAGE_STANDARD = gnu11;
				GCC_NO_COMMON_BLOCKS = YES;
				GCC_WARN_64_TO_32_BIT_CONVERSION = YES;
				GCC_WARN_ABOUT_RETURN_TYPE = YES_ERROR;
				GCC_WARN_UNDECLARED_SELECTOR = YES;
				GCC_WARN_UNINITIALIZED_AUTOS = YES_AGGRESSIVE;
				GCC_WARN_UNUSED_FUNCTION = YES;
				GCC_WARN_UNUSED_VARIABLE = YES;
				IPHONEOS_DEPLOYMENT_TARGET = 16.4;
				MTL_ENABLE_DEBUG_INFO = NO;
				MTL_FAST_MATH = YES;
				SDKROOT = iphoneos;
				SWIFT_COMPILATION_MODE = wholemodule;
				SWIFT_OPTIMIZATION_LEVEL = "-O";
				VALIDATE_PRODUCT = YES;
			};
			name = Release;
		};
		B87769532A4D20B0006188CA /* Debug */ = {
			isa = XCBuildConfiguration;
			buildSettings = {
				ASSETCATALOG_COMPILER_APPICON_NAME = AppIcon;
				ASSETCATALOG_COMPILER_GLOBAL_ACCENT_COLOR_NAME = AccentColor;
				CODE_SIGN_STYLE = Automatic;
				CURRENT_PROJECT_VERSION = 1;
				DEVELOPMENT_ASSET_PATHS = "\"Learn_SwiftUI/Preview Content\"";
				DEVELOPMENT_TEAM = D6SMN493M9;
				ENABLE_PREVIEWS = YES;
				GENERATE_INFOPLIST_FILE = YES;
				INFOPLIST_KEY_UIApplicationSceneManifest_Generation = YES;
				INFOPLIST_KEY_UIApplicationSupportsIndirectInputEvents = YES;
				INFOPLIST_KEY_UILaunchScreen_Generation = YES;
				INFOPLIST_KEY_UISupportedInterfaceOrientations_iPad = "UIInterfaceOrientationPortrait UIInterfaceOrientationPortraitUpsideDown UIInterfaceOrientationLandscapeLeft UIInterfaceOrientationLandscapeRight";
				INFOPLIST_KEY_UISupportedInterfaceOrientations_iPhone = "UIInterfaceOrientationPortrait UIInterfaceOrientationLandscapeLeft UIInterfaceOrientationLandscapeRight";
				LD_RUNPATH_SEARCH_PATHS = (
					"$(inherited)",
					"@executable_path/Frameworks",
				);
				MARKETING_VERSION = 1.0;
				PRODUCT_BUNDLE_IDENTIFIER = "novicePGT.Learn-SwiftUI";
				PRODUCT_NAME = "$(TARGET_NAME)";
				SWIFT_EMIT_LOC_STRINGS = YES;
				SWIFT_VERSION = 5.0;
				TARGETED_DEVICE_FAMILY = "1,2";
			};
			name = Debug;
		};
		B87769542A4D20B0006188CA /* Release */ = {
			isa = XCBuildConfiguration;
			buildSettings = {
				ASSETCATALOG_COMPILER_APPICON_NAME = AppIcon;
				ASSETCATALOG_COMPILER_GLOBAL_ACCENT_COLOR_NAME = AccentColor;
				CODE_SIGN_STYLE = Automatic;
				CURRENT_PROJECT_VERSION = 1;
				DEVELOPMENT_ASSET_PATHS = "\"Learn_SwiftUI/Preview Content\"";
				DEVELOPMENT_TEAM = D6SMN493M9;
				ENABLE_PREVIEWS = YES;
				GENERATE_INFOPLIST_FILE = YES;
				INFOPLIST_KEY_UIApplicationSceneManifest_Generation = YES;
				INFOPLIST_KEY_UIApplicationSupportsIndirectInputEvents = YES;
				INFOPLIST_KEY_UILaunchScreen_Generation = YES;
				INFOPLIST_KEY_UISupportedInterfaceOrientations_iPad = "UIInterfaceOrientationPortrait UIInterfaceOrientationPortraitUpsideDown UIInterfaceOrientationLandscapeLeft UIInterfaceOrientationLandscapeRight";
				INFOPLIST_KEY_UISupportedInterfaceOrientations_iPhone = "UIInterfaceOrientationPortrait UIInterfaceOrientationLandscapeLeft UIInterfaceOrientationLandscapeRight";
				LD_RUNPATH_SEARCH_PATHS = (
					"$(inherited)",
					"@executable_path/Frameworks",
				);
				MARKETING_VERSION = 1.0;
				PRODUCT_BUNDLE_IDENTIFIER = "novicePGT.Learn-SwiftUI";
				PRODUCT_NAME = "$(TARGET_NAME)";
				SWIFT_EMIT_LOC_STRINGS = YES;
				SWIFT_VERSION = 5.0;
				TARGETED_DEVICE_FAMILY = "1,2";
			};
			name = Release;
		};
/* End XCBuildConfiguration section */

/* Begin XCConfigurationList section */
		B877693F2A4D20AF006188CA /* Build configuration list for PBXProject "Learn_SwiftUI" */ = {
			isa = XCConfigurationList;
			buildConfigurations = (
				B87769502A4D20B0006188CA /* Debug */,
				B87769512A4D20B0006188CA /* Release */,
			);
			defaultConfigurationIsVisible = 0;
			defaultConfigurationName = Release;
		};
		B87769522A4D20B0006188CA /* Build configuration list for PBXNativeTarget "Learn_SwiftUI" */ = {
			isa = XCConfigurationList;
			buildConfigurations = (
				B87769532A4D20B0006188CA /* Debug */,
				B87769542A4D20B0006188CA /* Release */,
			);
			defaultConfigurationIsVisible = 0;
			defaultConfigurationName = Release;
		};
/* End XCConfigurationList section */
	};
	rootObject = B877693C2A4D20AF006188CA /* Project object */;
}
